
Microsoft Visual Studio Solution File, Format Version 12.00
# Visual Studio Version 16
VisualStudioVersion = 16.0.28803.156
MinimumVisualStudioVersion = 10.0.40219.1
Project("{9A19103F-16F7-4668-BE54-9A1E7A4F7556}") = "01.Train", "ConsoleApp1\01.Train.csproj", "{C8FA56DB-A3E4-4BC4-BE94-43D63431107B}"
EndProject
Project("{9A19103F-16F7-4668-BE54-9A1E7A4F7556}") = "02.Change_List", "02.Change_List\02.Change_List.csproj", "{A1532961-915D-4AD0-AEE0-E55662761B2E}"
EndProject
Project("{9A19103F-16F7-4668-BE54-9A1E7A4F7556}") = "03.House_Party", "03.House_Party\03.House_Party.csproj", "{8C22D33C-BD8C-4062-A6AA-50055ACB589E}"
EndProject
Project("{9A19103F-16F7-4668-BE54-9A1E7A4F7556}") = "04.List_Operations", "04.List_Operations\04.List_Operations.csproj", "{0AAB234C-BAB8-4850-AE99-6FE10D996FD3}"
EndProject
Project("{9A19103F-16F7-4668-BE54-9A1E7A4F7556}") = "05.Bomb_Numbers", "05.Bomb_Numbers\05.Bomb_Numbers.csproj", "{CF2F7EEA-1860-4F3C-937E-BA3D9B90A240}"
EndProject
Project("{9A19103F-16F7-4668-BE54-9A1E7A4F7556}") = "06.Cards_Game", "06.Cards_Game\06.Cards_Game.csproj", "{38B0C28F-DF2F-499E-9EE6-163B7E1F8072}"
EndProject
Project("{9A19103F-16F7-4668-BE54-9A1E7A4F7556}") = "07.Append_Arrays", "07.Append_Arrays\07.Append_Arrays.csproj", "{39143021-C7A1-46DF-91C6-49443366EF9E}"
EndProject
Project("{9A19103F-16F7-4668-BE54-9A1E7A4F7556}") = "08.Anonym", "08.Anonym\08.Anonym.csproj", "{F16648B9-8E93-4263-AEC7-7225F4FF329E}"
EndProject
Project("{9A19103F-16F7-4668-BE54-9A1E7A4F7556}") = "09.Pokemon", "09.Pokemon\09.Pokemon.csproj", "{79A31346-BCB7-4BD8-BDAC-7CBFBD674468}"
EndProject
Project("{FAE04EC0-301F-11D3-BF4B-00C04F79EFBC}") = "10.SoftUni_Course_Planning", "10.SoftUni_Course_Planning\10.SoftUni_Course_Planning.csproj", "{0F4CCECD-A729-48E8-AE3E-E4E726768159}"
EndProject
Global
	GlobalSection(SolutionConfigurationPlatforms) = preSolution
		Debug|Any CPU = Debug|Any CPU
		Release|Any CPU = Release|Any CPU
	EndGlobalSection
	GlobalSection(ProjectConfigurationPlatforms) = postSolution
		{C8FA56DB-A3E4-4BC4-BE94-43D63431107B}.Debug|Any CPU.ActiveCfg = Debug|Any CPU
		{C8FA56DB-A3E4-4BC4-BE94-43D63431107B}.Debug|Any CPU.Build.0 = Debug|Any CPU
		{C8FA56DB-A3E4-4BC4-BE94-43D63431107B}.Release|Any CPU.ActiveCfg = Release|Any CPU
		{C8FA56DB-A3E4-4BC4-BE94-43D63431107B}.Release|Any CPU.Build.0 = Release|Any CPU
		{A1532961-915D-4AD0-AEE0-E55662761B2E}.Debug|Any CPU.ActiveCfg = Debug|Any CPU
		{A1532961-915D-4AD0-AEE0-E55662761B2E}.Debug|Any CPU.Build.0 = Debug|Any CPU
		{A1532961-915D-4AD0-AEE0-E55662761B2E}.Release|Any CPU.ActiveCfg = Release|Any CPU
		{A1532961-915D-4AD0-AEE0-E55662761B2E}.Release|Any CPU.Build.0 = Release|Any CPU
		{8C22D33C-BD8C-4062-A6AA-50055ACB589E}.Debug|Any CPU.ActiveCfg = Debug|Any CPU
		{8C22D33C-BD8C-4062-A6AA-50055ACB589E}.Debug|Any CPU.Build.0 = Debug|Any CPU
		{8C22D33C-BD8C-4062-A6AA-50055ACB589E}.Release|Any CPU.ActiveCfg = Release|Any CPU
		{8C22D33C-BD8C-4062-A6AA-50055ACB589E}.Release|Any CPU.Build.0 = Release|Any CPU
		{0AAB234C-BAB8-4850-AE99-6FE10D996FD3}.Debug|Any CPU.ActiveCfg = Debug|Any CPU
		{0AAB234C-BAB8-4850-AE99-6FE10D996FD3}.Debug|Any CPU.Build.0 = Debug|Any CPU
		{0AAB234C-BAB8-4850-AE99-6FE10D996FD3}.Release|Any CPU.ActiveCfg = Release|Any CPU
		{0AAB234C-BAB8-4850-AE99-6FE10D996FD3}.Release|Any CPU.Build.0 = Release|Any CPU
		{CF2F7EEA-1860-4F3C-937E-BA3D9B90A240}.Debug|Any CPU.ActiveCfg = Debug|Any CPU
		{CF2F7EEA-1860-4F3C-937E-BA3D9B90A240}.Debug|Any CPU.Build.0 = Debug|Any CPU
		{CF2F7EEA-1860-4F3C-937E-BA3D9B90A240}.Release|Any CPU.ActiveCfg = Release|Any CPU
		{CF2F7EEA-1860-4F3C-937E-BA3D9B90A240}.Release|Any CPU.Build.0 = Release|Any CPU
		{38B0C28F-DF2F-499E-9EE6-163B7E1F8072}.Debug|Any CPU.ActiveCfg = Debug|Any CPU
		{38B0C28F-DF2F-499E-9EE6-163B7E1F8072}.Debug|Any CPU.Build.0 = Debug|Any CPU
		{38B0C28F-DF2F-499E-9EE6-163B7E1F8072}.Release|Any CPU.ActiveCfg = Release|Any CPU
		{38B0C28F-DF2F-499E-9EE6-163B7E1F8072}.Release|Any CPU.Build.0 = Release|Any CPU
		{39143021-C7A1-46DF-91C6-49443366EF9E}.Debug|Any CPU.ActiveCfg = Debug|Any CPU
		{39143021-C7A1-46DF-91C6-49443366EF9E}.Debug|Any CPU.Build.0 = Debug|Any CPU
		{39143021-C7A1-46DF-91C6-49443366EF9E}.Release|Any CPU.ActiveCfg = Release|Any CPU
		{39143021-C7A1-46DF-91C6-49443366EF9E}.Release|Any CPU.Build.0 = Release|Any CPU
		{F16648B9-8E93-4263-AEC7-7225F4FF329E}.Debug|Any CPU.ActiveCfg = Debug|Any CPU
		{F16648B9-8E93-4263-AEC7-7225F4FF329E}.Debug|Any CPU.Build.0 = Debug|Any CPU
		{F16648B9-8E93-4263-AEC7-7225F4FF329E}.Release|Any CPU.ActiveCfg = Release|Any CPU
		{F16648B9-8E93-4263-AEC7-7225F4FF329E}.Release|Any CPU.Build.0 = Release|Any CPU
		{79A31346-BCB7-4BD8-BDAC-7CBFBD674468}.Debug|Any CPU.ActiveCfg = Debug|Any CPU
		{79A31346-BCB7-4BD8-BDAC-7CBFBD674468}.Debug|Any CPU.Build.0 = Debug|Any CPU
		{79A31346-BCB7-4BD8-BDAC-7CBFBD674468}.Release|Any CPU.ActiveCfg = Release|Any CPU
		{79A31346-BCB7-4BD8-BDAC-7CBFBD674468}.Release|Any CPU.Build.0 = Release|Any CPU
		{0F4CCECD-A729-48E8-AE3E-E4E726768159}.Debug|Any CPU.ActiveCfg = Debug|Any CPU
		{0F4CCECD-A729-48E8-AE3E-E4E726768159}.Debug|Any CPU.Build.0 = Debug|Any CPU
		{0F4CCECD-A729-48E8-AE3E-E4E726768159}.Release|Any CPU.ActiveCfg = Release|Any CPU
		{0F4CCECD-A729-48E8-AE3E-E4E726768159}.Release|Any CPU.Build.0 = Release|Any CPU
	EndGlobalSection
	GlobalSection(SolutionProperties) = preSolution
		HideSolutionNode = FALSE
	EndGlobalSection
	GlobalSection(ExtensibilityGlobals) = postSolution
		SolutionGuid = {FDD0F23B-7A9A-47FF-84A1-865CAC6300F2}
	EndGlobalSection
EndGlobal
