
Microsoft Visual Studio Solution File, Format Version 12.00
# Visual Studio 15
VisualStudioVersion = 15.0.28307.271
MinimumVisualStudioVersion = 10.0.40219.1
Project("{9A19103F-16F7-4668-BE54-9A1E7A4F7556}") = "2.Sort_Numbers", "2.Sort_Numbers\2.Sort_Numbers.csproj", "{2E25FB07-BE0E-47D5-8BE4-CB6C35D4D900}"
EndProject
Project("{9A19103F-16F7-4668-BE54-9A1E7A4F7556}") = "03.English_Name_of_Last_Digit", "03.English_Name_of_Last_Digit\03.English_Name_of_Last_Digit.csproj", "{27EE5A91-1EE0-481E-8BBE-F185475293BE}"
EndProject
Project("{9A19103F-16F7-4668-BE54-9A1E7A4F7556}") = "4.Gaming_Store", "4.Gaming_Store\4.Gaming_Store.csproj", "{BB80DCC5-510E-4193-B353-7FBB6BE8DB77}"
EndProject
Project("{FAE04EC0-301F-11D3-BF4B-00C04F79EFBC}") = "5 Reverse_String", "5 Reverse_String\5 Reverse_String.csproj", "{AAAA4FC2-7134-4156-8122-3810C85B04A5}"
EndProject
Project("{FAE04EC0-301F-11D3-BF4B-00C04F79EFBC}") = "6.Messages", "6.Messages\6.Messages.csproj", "{4CC0F529-0EFD-4A9E-9110-900447511A03}"
EndProject
Global
	GlobalSection(SolutionConfigurationPlatforms) = preSolution
		Debug|Any CPU = Debug|Any CPU
		Release|Any CPU = Release|Any CPU
	EndGlobalSection
	GlobalSection(ProjectConfigurationPlatforms) = postSolution
		{2E25FB07-BE0E-47D5-8BE4-CB6C35D4D900}.Debug|Any CPU.ActiveCfg = Debug|Any CPU
		{2E25FB07-BE0E-47D5-8BE4-CB6C35D4D900}.Debug|Any CPU.Build.0 = Debug|Any CPU
		{2E25FB07-BE0E-47D5-8BE4-CB6C35D4D900}.Release|Any CPU.ActiveCfg = Release|Any CPU
		{2E25FB07-BE0E-47D5-8BE4-CB6C35D4D900}.Release|Any CPU.Build.0 = Release|Any CPU
		{27EE5A91-1EE0-481E-8BBE-F185475293BE}.Debug|Any CPU.ActiveCfg = Debug|Any CPU
		{27EE5A91-1EE0-481E-8BBE-F185475293BE}.Debug|Any CPU.Build.0 = Debug|Any CPU
		{27EE5A91-1EE0-481E-8BBE-F185475293BE}.Release|Any CPU.ActiveCfg = Release|Any CPU
		{27EE5A91-1EE0-481E-8BBE-F185475293BE}.Release|Any CPU.Build.0 = Release|Any CPU
		{BB80DCC5-510E-4193-B353-7FBB6BE8DB77}.Debug|Any CPU.ActiveCfg = Debug|Any CPU
		{BB80DCC5-510E-4193-B353-7FBB6BE8DB77}.Debug|Any CPU.Build.0 = Debug|Any CPU
		{BB80DCC5-510E-4193-B353-7FBB6BE8DB77}.Release|Any CPU.ActiveCfg = Release|Any CPU
		{BB80DCC5-510E-4193-B353-7FBB6BE8DB77}.Release|Any CPU.Build.0 = Release|Any CPU
		{AAAA4FC2-7134-4156-8122-3810C85B04A5}.Debug|Any CPU.ActiveCfg = Debug|Any CPU
		{AAAA4FC2-7134-4156-8122-3810C85B04A5}.Debug|Any CPU.Build.0 = Debug|Any CPU
		{AAAA4FC2-7134-4156-8122-3810C85B04A5}.Release|Any CPU.ActiveCfg = Release|Any CPU
		{AAAA4FC2-7134-4156-8122-3810C85B04A5}.Release|Any CPU.Build.0 = Release|Any CPU
		{4CC0F529-0EFD-4A9E-9110-900447511A03}.Debug|Any CPU.ActiveCfg = Debug|Any CPU
		{4CC0F529-0EFD-4A9E-9110-900447511A03}.Debug|Any CPU.Build.0 = Debug|Any CPU
		{4CC0F529-0EFD-4A9E-9110-900447511A03}.Release|Any CPU.ActiveCfg = Release|Any CPU
		{4CC0F529-0EFD-4A9E-9110-900447511A03}.Release|Any CPU.Build.0 = Release|Any CPU
	EndGlobalSection
	GlobalSection(SolutionProperties) = preSolution
		HideSolutionNode = FALSE
	EndGlobalSection
	GlobalSection(ExtensibilityGlobals) = postSolution
		SolutionGuid = {46A965B0-2069-4ED0-9E95-35180D66EEB6}
	EndGlobalSection
EndGlobal
