
Microsoft Visual Studio Solution File, Format Version 12.00
# Visual Studio Version 16
VisualStudioVersion = 16.0.28803.202
MinimumVisualStudioVersion = 10.0.40219.1
Project("{9A19103F-16F7-4668-BE54-9A1E7A4F7556}") = "Messesging", "Messesging\Messesging.csproj", "{7738984E-0AED-4FBD-A2F7-08E8E08916EC}"
EndProject
Project("{9A19103F-16F7-4668-BE54-9A1E7A4F7556}") = "ConsoleApp1", "ConsoleApp1\ConsoleApp1.csproj", "{83CAE772-F3CE-4B3C-9BD2-EC3394AE13C3}"
EndProject
Project("{9A19103F-16F7-4668-BE54-9A1E7A4F7556}") = "TakeSkip_The_Rope", "TakeSkip_The_Rope\TakeSkip_The_Rope.csproj", "{C9420EA1-B69C-4FBB-A873-9BAE4BA0F4B5}"
EndProject
Project("{9A19103F-16F7-4668-BE54-9A1E7A4F7556}") = "MIxedUp_Lists", "MIxedUp_Lists\MIxedUp_Lists.csproj", "{83442021-8174-40E0-ACAC-D7F2B55F2B97}"
EndProject
Project("{FAE04EC0-301F-11D3-BF4B-00C04F79EFBC}") = "Drum_Set", "Drum_Set\Drum_Set.csproj", "{AD7D65AE-2877-4BE5-93E2-60A181D2C3B1}"
EndProject
Global
	GlobalSection(SolutionConfigurationPlatforms) = preSolution
		Debug|Any CPU = Debug|Any CPU
		Release|Any CPU = Release|Any CPU
	EndGlobalSection
	GlobalSection(ProjectConfigurationPlatforms) = postSolution
		{7738984E-0AED-4FBD-A2F7-08E8E08916EC}.Debug|Any CPU.ActiveCfg = Debug|Any CPU
		{7738984E-0AED-4FBD-A2F7-08E8E08916EC}.Debug|Any CPU.Build.0 = Debug|Any CPU
		{7738984E-0AED-4FBD-A2F7-08E8E08916EC}.Release|Any CPU.ActiveCfg = Release|Any CPU
		{7738984E-0AED-4FBD-A2F7-08E8E08916EC}.Release|Any CPU.Build.0 = Release|Any CPU
		{83CAE772-F3CE-4B3C-9BD2-EC3394AE13C3}.Debug|Any CPU.ActiveCfg = Debug|Any CPU
		{83CAE772-F3CE-4B3C-9BD2-EC3394AE13C3}.Debug|Any CPU.Build.0 = Debug|Any CPU
		{83CAE772-F3CE-4B3C-9BD2-EC3394AE13C3}.Release|Any CPU.ActiveCfg = Release|Any CPU
		{83CAE772-F3CE-4B3C-9BD2-EC3394AE13C3}.Release|Any CPU.Build.0 = Release|Any CPU
		{C9420EA1-B69C-4FBB-A873-9BAE4BA0F4B5}.Debug|Any CPU.ActiveCfg = Debug|Any CPU
		{C9420EA1-B69C-4FBB-A873-9BAE4BA0F4B5}.Debug|Any CPU.Build.0 = Debug|Any CPU
		{C9420EA1-B69C-4FBB-A873-9BAE4BA0F4B5}.Release|Any CPU.ActiveCfg = Release|Any CPU
		{C9420EA1-B69C-4FBB-A873-9BAE4BA0F4B5}.Release|Any CPU.Build.0 = Release|Any CPU
		{83442021-8174-40E0-ACAC-D7F2B55F2B97}.Debug|Any CPU.ActiveCfg = Debug|Any CPU
		{83442021-8174-40E0-ACAC-D7F2B55F2B97}.Debug|Any CPU.Build.0 = Debug|Any CPU
		{83442021-8174-40E0-ACAC-D7F2B55F2B97}.Release|Any CPU.ActiveCfg = Release|Any CPU
		{83442021-8174-40E0-ACAC-D7F2B55F2B97}.Release|Any CPU.Build.0 = Release|Any CPU
		{AD7D65AE-2877-4BE5-93E2-60A181D2C3B1}.Debug|Any CPU.ActiveCfg = Debug|Any CPU
		{AD7D65AE-2877-4BE5-93E2-60A181D2C3B1}.Debug|Any CPU.Build.0 = Debug|Any CPU
		{AD7D65AE-2877-4BE5-93E2-60A181D2C3B1}.Release|Any CPU.ActiveCfg = Release|Any CPU
		{AD7D65AE-2877-4BE5-93E2-60A181D2C3B1}.Release|Any CPU.Build.0 = Release|Any CPU
	EndGlobalSection
	GlobalSection(SolutionProperties) = preSolution
		HideSolutionNode = FALSE
	EndGlobalSection
	GlobalSection(ExtensibilityGlobals) = postSolution
		SolutionGuid = {C5D616A1-B331-4DDB-9122-46BF09B0BF72}
	EndGlobalSection
EndGlobal
