
Microsoft Visual Studio Solution File, Format Version 12.00
# Visual Studio 15
VisualStudioVersion = 15.0.28307.489
MinimumVisualStudioVersion = 10.0.40219.1
Project("{9A19103F-16F7-4668-BE54-9A1E7A4F7556}") = "01.Valid_Usernames", "01.Valid_Usernames\01.Valid_Usernames.csproj", "{703D73E3-CB61-4294-A8D3-59E83D3281DC}"
EndProject
Project("{9A19103F-16F7-4668-BE54-9A1E7A4F7556}") = "02.Character_Multiplier", "02.Character_Multiplier\02.Character_Multiplier.csproj", "{7A348614-D462-46C9-B3D5-7BD57AAFC30C}"
EndProject
Project("{9A19103F-16F7-4668-BE54-9A1E7A4F7556}") = "03,Extract_File", "03,Extract_File\03,Extract_File.csproj", "{3A8E33C3-9DBD-4CC3-A8B8-9BED1FA1CFEC}"
EndProject
Project("{9A19103F-16F7-4668-BE54-9A1E7A4F7556}") = "04.Caeser_Cipher", "04.Caeser_Cipher\04.Caeser_Cipher.csproj", "{2D9B13AB-7508-4942-BC8C-35ECA0CA5999}"
EndProject
Project("{9A19103F-16F7-4668-BE54-9A1E7A4F7556}") = "05.Multiply_Big_Number", "05.Multiply_Big_Number\05.Multiply_Big_Number.csproj", "{93B516BF-4686-4B79-B38C-556A063B4AFC}"
EndProject
Project("{9A19103F-16F7-4668-BE54-9A1E7A4F7556}") = "06.Replace_Repeating_Chars", "06.Replace_Repeating_Chars\06.Replace_Repeating_Chars.csproj", "{85697A6A-C165-44A6-BD2F-2377C9D69D90}"
EndProject
Project("{9A19103F-16F7-4668-BE54-9A1E7A4F7556}") = "06.String_Explosion", "06.String_Explosion\06.String_Explosion.csproj", "{F5ACEFD0-F753-4D31-BD23-A1952713EE32}"
EndProject
Project("{9A19103F-16F7-4668-BE54-9A1E7A4F7556}") = "07.Matching_Numbers", "07.Matching_Numbers\07.Matching_Numbers.csproj", "{5704A7AC-6CCF-4C32-99D1-B37B534FDE99}"
EndProject
Project("{9A19103F-16F7-4668-BE54-9A1E7A4F7556}") = "08.Star_Enigma", "08.Star_Enigma\08.Star_Enigma.csproj", "{ED4F06B2-596E-478F-8C7C-F903087116AF}"
EndProject
Project("{9A19103F-16F7-4668-BE54-9A1E7A4F7556}") = "09.Rage_Quit", "09.Rage_Quit\09.Rage_Quit.csproj", "{131916B2-C369-4EB0-A7C4-EB0D22CFB9B2}"
EndProject
Project("{9A19103F-16F7-4668-BE54-9A1E7A4F7556}") = "10.Letters_Change_Numbers", "10.Letters_Change_Numbers\10.Letters_Change_Numbers.csproj", "{A90173A6-6757-4AD0-AEA1-F5ACC803F987}"
EndProject
Project("{9A19103F-16F7-4668-BE54-9A1E7A4F7556}") = "11.SoftUni_Bar_Income", "11.SoftUni_Bar_Income\11.SoftUni_Bar_Income.csproj", "{003A5025-8D4F-4C78-B02B-D841F158D55B}"
EndProject
Project("{9A19103F-16F7-4668-BE54-9A1E7A4F7556}") = "12.Extract_Person_Information", "12.Extract_Person_Information\12.Extract_Person_Information.csproj", "{874E0BF7-69CA-45F5-8F60-98559F01B8AD}"
EndProject
Project("{9A19103F-16F7-4668-BE54-9A1E7A4F7556}") = "13.Ascii_Sumator", "13.Ascii_Sumator\13.Ascii_Sumator.csproj", "{BFEF8DF8-7B00-403D-A1EC-C2591E45FF03}"
EndProject
Project("{9A19103F-16F7-4668-BE54-9A1E7A4F7556}") = "13.Treasure_Finder", "13.Treasure_Finder\13.Treasure_Finder.csproj", "{CDD00673-E825-468B-817A-CDFFAE5C2569}"
EndProject
Project("{9A19103F-16F7-4668-BE54-9A1E7A4F7556}") = "14.Morse_Code_Tranalator", "14.Morse_Code_Tranalator\14.Morse_Code_Tranalator.csproj", "{C2220DBB-595A-4FCE-B096-AE1B0A9F7D1D}"
EndProject
Project("{9A19103F-16F7-4668-BE54-9A1E7A4F7556}") = "15.HTML", "14.HTML\15.HTML.csproj", "{99050161-C148-44B5-BC31-D6CEED2812B0}"
EndProject
Project("{9A19103F-16F7-4668-BE54-9A1E7A4F7556}") = "16.Winning_Ticket", "16.Winning_Ticket\16.Winning_Ticket.csproj", "{BF286025-C0E9-497A-91CC-10D3838F5BEB}"
EndProject
Project("{FAE04EC0-301F-11D3-BF4B-00C04F79EFBC}") = "17.Nether_Realms", "17.Nether_Realms\17.Nether_Realms.csproj", "{265F88BE-819D-4192-8388-152C65104F6F}"
EndProject
Global
	GlobalSection(SolutionConfigurationPlatforms) = preSolution
		Debug|Any CPU = Debug|Any CPU
		Release|Any CPU = Release|Any CPU
	EndGlobalSection
	GlobalSection(ProjectConfigurationPlatforms) = postSolution
		{703D73E3-CB61-4294-A8D3-59E83D3281DC}.Debug|Any CPU.ActiveCfg = Debug|Any CPU
		{703D73E3-CB61-4294-A8D3-59E83D3281DC}.Debug|Any CPU.Build.0 = Debug|Any CPU
		{703D73E3-CB61-4294-A8D3-59E83D3281DC}.Release|Any CPU.ActiveCfg = Release|Any CPU
		{703D73E3-CB61-4294-A8D3-59E83D3281DC}.Release|Any CPU.Build.0 = Release|Any CPU
		{7A348614-D462-46C9-B3D5-7BD57AAFC30C}.Debug|Any CPU.ActiveCfg = Debug|Any CPU
		{7A348614-D462-46C9-B3D5-7BD57AAFC30C}.Debug|Any CPU.Build.0 = Debug|Any CPU
		{7A348614-D462-46C9-B3D5-7BD57AAFC30C}.Release|Any CPU.ActiveCfg = Release|Any CPU
		{7A348614-D462-46C9-B3D5-7BD57AAFC30C}.Release|Any CPU.Build.0 = Release|Any CPU
		{3A8E33C3-9DBD-4CC3-A8B8-9BED1FA1CFEC}.Debug|Any CPU.ActiveCfg = Debug|Any CPU
		{3A8E33C3-9DBD-4CC3-A8B8-9BED1FA1CFEC}.Debug|Any CPU.Build.0 = Debug|Any CPU
		{3A8E33C3-9DBD-4CC3-A8B8-9BED1FA1CFEC}.Release|Any CPU.ActiveCfg = Release|Any CPU
		{3A8E33C3-9DBD-4CC3-A8B8-9BED1FA1CFEC}.Release|Any CPU.Build.0 = Release|Any CPU
		{2D9B13AB-7508-4942-BC8C-35ECA0CA5999}.Debug|Any CPU.ActiveCfg = Debug|Any CPU
		{2D9B13AB-7508-4942-BC8C-35ECA0CA5999}.Debug|Any CPU.Build.0 = Debug|Any CPU
		{2D9B13AB-7508-4942-BC8C-35ECA0CA5999}.Release|Any CPU.ActiveCfg = Release|Any CPU
		{2D9B13AB-7508-4942-BC8C-35ECA0CA5999}.Release|Any CPU.Build.0 = Release|Any CPU
		{93B516BF-4686-4B79-B38C-556A063B4AFC}.Debug|Any CPU.ActiveCfg = Debug|Any CPU
		{93B516BF-4686-4B79-B38C-556A063B4AFC}.Debug|Any CPU.Build.0 = Debug|Any CPU
		{93B516BF-4686-4B79-B38C-556A063B4AFC}.Release|Any CPU.ActiveCfg = Release|Any CPU
		{93B516BF-4686-4B79-B38C-556A063B4AFC}.Release|Any CPU.Build.0 = Release|Any CPU
		{85697A6A-C165-44A6-BD2F-2377C9D69D90}.Debug|Any CPU.ActiveCfg = Debug|Any CPU
		{85697A6A-C165-44A6-BD2F-2377C9D69D90}.Debug|Any CPU.Build.0 = Debug|Any CPU
		{85697A6A-C165-44A6-BD2F-2377C9D69D90}.Release|Any CPU.ActiveCfg = Release|Any CPU
		{85697A6A-C165-44A6-BD2F-2377C9D69D90}.Release|Any CPU.Build.0 = Release|Any CPU
		{F5ACEFD0-F753-4D31-BD23-A1952713EE32}.Debug|Any CPU.ActiveCfg = Debug|Any CPU
		{F5ACEFD0-F753-4D31-BD23-A1952713EE32}.Debug|Any CPU.Build.0 = Debug|Any CPU
		{F5ACEFD0-F753-4D31-BD23-A1952713EE32}.Release|Any CPU.ActiveCfg = Release|Any CPU
		{F5ACEFD0-F753-4D31-BD23-A1952713EE32}.Release|Any CPU.Build.0 = Release|Any CPU
		{5704A7AC-6CCF-4C32-99D1-B37B534FDE99}.Debug|Any CPU.ActiveCfg = Debug|Any CPU
		{5704A7AC-6CCF-4C32-99D1-B37B534FDE99}.Debug|Any CPU.Build.0 = Debug|Any CPU
		{5704A7AC-6CCF-4C32-99D1-B37B534FDE99}.Release|Any CPU.ActiveCfg = Release|Any CPU
		{5704A7AC-6CCF-4C32-99D1-B37B534FDE99}.Release|Any CPU.Build.0 = Release|Any CPU
		{ED4F06B2-596E-478F-8C7C-F903087116AF}.Debug|Any CPU.ActiveCfg = Debug|Any CPU
		{ED4F06B2-596E-478F-8C7C-F903087116AF}.Debug|Any CPU.Build.0 = Debug|Any CPU
		{ED4F06B2-596E-478F-8C7C-F903087116AF}.Release|Any CPU.ActiveCfg = Release|Any CPU
		{ED4F06B2-596E-478F-8C7C-F903087116AF}.Release|Any CPU.Build.0 = Release|Any CPU
		{131916B2-C369-4EB0-A7C4-EB0D22CFB9B2}.Debug|Any CPU.ActiveCfg = Debug|Any CPU
		{131916B2-C369-4EB0-A7C4-EB0D22CFB9B2}.Debug|Any CPU.Build.0 = Debug|Any CPU
		{131916B2-C369-4EB0-A7C4-EB0D22CFB9B2}.Release|Any CPU.ActiveCfg = Release|Any CPU
		{131916B2-C369-4EB0-A7C4-EB0D22CFB9B2}.Release|Any CPU.Build.0 = Release|Any CPU
		{A90173A6-6757-4AD0-AEA1-F5ACC803F987}.Debug|Any CPU.ActiveCfg = Debug|Any CPU
		{A90173A6-6757-4AD0-AEA1-F5ACC803F987}.Debug|Any CPU.Build.0 = Debug|Any CPU
		{A90173A6-6757-4AD0-AEA1-F5ACC803F987}.Release|Any CPU.ActiveCfg = Release|Any CPU
		{A90173A6-6757-4AD0-AEA1-F5ACC803F987}.Release|Any CPU.Build.0 = Release|Any CPU
		{003A5025-8D4F-4C78-B02B-D841F158D55B}.Debug|Any CPU.ActiveCfg = Debug|Any CPU
		{003A5025-8D4F-4C78-B02B-D841F158D55B}.Debug|Any CPU.Build.0 = Debug|Any CPU
		{003A5025-8D4F-4C78-B02B-D841F158D55B}.Release|Any CPU.ActiveCfg = Release|Any CPU
		{003A5025-8D4F-4C78-B02B-D841F158D55B}.Release|Any CPU.Build.0 = Release|Any CPU
		{874E0BF7-69CA-45F5-8F60-98559F01B8AD}.Debug|Any CPU.ActiveCfg = Debug|Any CPU
		{874E0BF7-69CA-45F5-8F60-98559F01B8AD}.Debug|Any CPU.Build.0 = Debug|Any CPU
		{874E0BF7-69CA-45F5-8F60-98559F01B8AD}.Release|Any CPU.ActiveCfg = Release|Any CPU
		{874E0BF7-69CA-45F5-8F60-98559F01B8AD}.Release|Any CPU.Build.0 = Release|Any CPU
		{BFEF8DF8-7B00-403D-A1EC-C2591E45FF03}.Debug|Any CPU.ActiveCfg = Debug|Any CPU
		{BFEF8DF8-7B00-403D-A1EC-C2591E45FF03}.Debug|Any CPU.Build.0 = Debug|Any CPU
		{BFEF8DF8-7B00-403D-A1EC-C2591E45FF03}.Release|Any CPU.ActiveCfg = Release|Any CPU
		{BFEF8DF8-7B00-403D-A1EC-C2591E45FF03}.Release|Any CPU.Build.0 = Release|Any CPU
		{CDD00673-E825-468B-817A-CDFFAE5C2569}.Debug|Any CPU.ActiveCfg = Debug|Any CPU
		{CDD00673-E825-468B-817A-CDFFAE5C2569}.Debug|Any CPU.Build.0 = Debug|Any CPU
		{CDD00673-E825-468B-817A-CDFFAE5C2569}.Release|Any CPU.ActiveCfg = Release|Any CPU
		{CDD00673-E825-468B-817A-CDFFAE5C2569}.Release|Any CPU.Build.0 = Release|Any CPU
		{C2220DBB-595A-4FCE-B096-AE1B0A9F7D1D}.Debug|Any CPU.ActiveCfg = Debug|Any CPU
		{C2220DBB-595A-4FCE-B096-AE1B0A9F7D1D}.Debug|Any CPU.Build.0 = Debug|Any CPU
		{C2220DBB-595A-4FCE-B096-AE1B0A9F7D1D}.Release|Any CPU.ActiveCfg = Release|Any CPU
		{C2220DBB-595A-4FCE-B096-AE1B0A9F7D1D}.Release|Any CPU.Build.0 = Release|Any CPU
		{99050161-C148-44B5-BC31-D6CEED2812B0}.Debug|Any CPU.ActiveCfg = Debug|Any CPU
		{99050161-C148-44B5-BC31-D6CEED2812B0}.Debug|Any CPU.Build.0 = Debug|Any CPU
		{99050161-C148-44B5-BC31-D6CEED2812B0}.Release|Any CPU.ActiveCfg = Release|Any CPU
		{99050161-C148-44B5-BC31-D6CEED2812B0}.Release|Any CPU.Build.0 = Release|Any CPU
		{BF286025-C0E9-497A-91CC-10D3838F5BEB}.Debug|Any CPU.ActiveCfg = Debug|Any CPU
		{BF286025-C0E9-497A-91CC-10D3838F5BEB}.Debug|Any CPU.Build.0 = Debug|Any CPU
		{BF286025-C0E9-497A-91CC-10D3838F5BEB}.Release|Any CPU.ActiveCfg = Release|Any CPU
		{BF286025-C0E9-497A-91CC-10D3838F5BEB}.Release|Any CPU.Build.0 = Release|Any CPU
		{265F88BE-819D-4192-8388-152C65104F6F}.Debug|Any CPU.ActiveCfg = Debug|Any CPU
		{265F88BE-819D-4192-8388-152C65104F6F}.Debug|Any CPU.Build.0 = Debug|Any CPU
		{265F88BE-819D-4192-8388-152C65104F6F}.Release|Any CPU.ActiveCfg = Release|Any CPU
		{265F88BE-819D-4192-8388-152C65104F6F}.Release|Any CPU.Build.0 = Release|Any CPU
	EndGlobalSection
	GlobalSection(SolutionProperties) = preSolution
		HideSolutionNode = FALSE
	EndGlobalSection
	GlobalSection(ExtensibilityGlobals) = postSolution
		SolutionGuid = {4BB9FF21-FC17-4A76-A804-0E755B462D52}
	EndGlobalSection
EndGlobal
