
Microsoft Visual Studio Solution File, Format Version 12.00
# Visual Studio 15
VisualStudioVersion = 15.0.28307.421
MinimumVisualStudioVersion = 10.0.40219.1
Project("{9A19103F-16F7-4668-BE54-9A1E7A4F7556}") = "01.Count_Chars_in_String", "01.Count_Chars_in_String\01.Count_Chars_in_String.csproj", "{F5E28FDC-2F32-4188-B86D-D21B5413C151}"
EndProject
Project("{9A19103F-16F7-4668-BE54-9A1E7A4F7556}") = "02.A_Miiner_Task", "02.A_Miiner_Task\02.A_Miiner_Task.csproj", "{3446758C-2BB8-4C76-ACE1-7DF49843C1F7}"
EndProject
Project("{9A19103F-16F7-4668-BE54-9A1E7A4F7556}") = "03.Legendary_Farming", "04.Legendary_Farming\03.Legendary_Farming.csproj", "{B937DD56-62A1-4445-B95E-00CA3D685F18}"
EndProject
Project("{9A19103F-16F7-4668-BE54-9A1E7A4F7556}") = "04.Orders", "04.Orders\04.Orders.csproj", "{04A55741-B3DA-4CFD-B4CB-D56DFB56D3EE}"
EndProject
Project("{9A19103F-16F7-4668-BE54-9A1E7A4F7556}") = "05.SoftUni_Parking", "05.SoftUni_Parking\05.SoftUni_Parking.csproj", "{328D8F5F-E3A0-4A80-92C1-280DE0A60C5C}"
EndProject
Project("{9A19103F-16F7-4668-BE54-9A1E7A4F7556}") = "06.Courses", "06.Courses\06.Courses.csproj", "{522CD360-ABB3-43D3-8CBE-B086A38C5968}"
EndProject
Project("{9A19103F-16F7-4668-BE54-9A1E7A4F7556}") = "07.Student_Academy", "07.Student_Academy\07.Student_Academy.csproj", "{353C4AB0-A226-4475-8708-72922A55F2AB}"
EndProject
Project("{9A19103F-16F7-4668-BE54-9A1E7A4F7556}") = "08.Company_Users", "08.Company_Users\08.Company_Users.csproj", "{D91C6187-64D6-4F72-A58E-9DEF883B85D6}"
EndProject
Project("{9A19103F-16F7-4668-BE54-9A1E7A4F7556}") = "09.ForceBook", "09.ForceBook\09.ForceBook.csproj", "{60DC1549-4FBB-46D4-B7CF-56ADF1CBEF0C}"
EndProject
Project("{9A19103F-16F7-4668-BE54-9A1E7A4F7556}") = "10.SoftUni_Exam_Results", "11. SoftUni Exam Results\10.SoftUni_Exam_Results.csproj", "{9AC9C2F6-3BF4-4F13-B2B1-1E00ACF16B8F}"
EndProject
Project("{9A19103F-16F7-4668-BE54-9A1E7A4F7556}") = "11.Ranking", "11.Ranking\11.Ranking.csproj", "{3563BE95-1BEE-4580-89C3-8CCAB82BA11F}"
EndProject
Project("{9A19103F-16F7-4668-BE54-9A1E7A4F7556}") = "12.Judge", "12.Judge\12.Judge.csproj", "{BEDE74D0-B92C-4692-AE2F-B2AD0F885576}"
EndProject
Project("{9A19103F-16F7-4668-BE54-9A1E7A4F7556}") = "13.MOBA_Challenger", "13.MOBA_Challenger\13.MOBA_Challenger.csproj", "{12B26B47-7A87-4BD5-96CC-DC60B662CC07}"
EndProject
Project("{9A19103F-16F7-4668-BE54-9A1E7A4F7556}") = "14.Snowwhite", "14.Snowwhite\14.Snowwhite.csproj", "{9BB317E1-2AD3-47F0-AFF4-639A18A022C2}"
EndProject
Project("{FAE04EC0-301F-11D3-BF4B-00C04F79EFBC}") = "15.Dragon_Army", "15.Dragon_Army\15.Dragon_Army.csproj", "{FD6F3CF8-7349-496F-BB9F-52D744FC06C3}"
EndProject
Project("{FAE04EC0-301F-11D3-BF4B-00C04F79EFBC}") = "16.Dragon_Army-2", "16.Dragon_Army-2\16.Dragon_Army-2.csproj", "{E69B0AA2-6419-45EB-B16B-9D06E9573593}"
EndProject
Global
	GlobalSection(SolutionConfigurationPlatforms) = preSolution
		Debug|Any CPU = Debug|Any CPU
		Release|Any CPU = Release|Any CPU
	EndGlobalSection
	GlobalSection(ProjectConfigurationPlatforms) = postSolution
		{F5E28FDC-2F32-4188-B86D-D21B5413C151}.Debug|Any CPU.ActiveCfg = Debug|Any CPU
		{F5E28FDC-2F32-4188-B86D-D21B5413C151}.Debug|Any CPU.Build.0 = Debug|Any CPU
		{F5E28FDC-2F32-4188-B86D-D21B5413C151}.Release|Any CPU.ActiveCfg = Release|Any CPU
		{F5E28FDC-2F32-4188-B86D-D21B5413C151}.Release|Any CPU.Build.0 = Release|Any CPU
		{3446758C-2BB8-4C76-ACE1-7DF49843C1F7}.Debug|Any CPU.ActiveCfg = Debug|Any CPU
		{3446758C-2BB8-4C76-ACE1-7DF49843C1F7}.Debug|Any CPU.Build.0 = Debug|Any CPU
		{3446758C-2BB8-4C76-ACE1-7DF49843C1F7}.Release|Any CPU.ActiveCfg = Release|Any CPU
		{3446758C-2BB8-4C76-ACE1-7DF49843C1F7}.Release|Any CPU.Build.0 = Release|Any CPU
		{B937DD56-62A1-4445-B95E-00CA3D685F18}.Debug|Any CPU.ActiveCfg = Debug|Any CPU
		{B937DD56-62A1-4445-B95E-00CA3D685F18}.Debug|Any CPU.Build.0 = Debug|Any CPU
		{B937DD56-62A1-4445-B95E-00CA3D685F18}.Release|Any CPU.ActiveCfg = Release|Any CPU
		{B937DD56-62A1-4445-B95E-00CA3D685F18}.Release|Any CPU.Build.0 = Release|Any CPU
		{04A55741-B3DA-4CFD-B4CB-D56DFB56D3EE}.Debug|Any CPU.ActiveCfg = Debug|Any CPU
		{04A55741-B3DA-4CFD-B4CB-D56DFB56D3EE}.Debug|Any CPU.Build.0 = Debug|Any CPU
		{04A55741-B3DA-4CFD-B4CB-D56DFB56D3EE}.Release|Any CPU.ActiveCfg = Release|Any CPU
		{04A55741-B3DA-4CFD-B4CB-D56DFB56D3EE}.Release|Any CPU.Build.0 = Release|Any CPU
		{328D8F5F-E3A0-4A80-92C1-280DE0A60C5C}.Debug|Any CPU.ActiveCfg = Debug|Any CPU
		{328D8F5F-E3A0-4A80-92C1-280DE0A60C5C}.Debug|Any CPU.Build.0 = Debug|Any CPU
		{328D8F5F-E3A0-4A80-92C1-280DE0A60C5C}.Release|Any CPU.ActiveCfg = Release|Any CPU
		{328D8F5F-E3A0-4A80-92C1-280DE0A60C5C}.Release|Any CPU.Build.0 = Release|Any CPU
		{522CD360-ABB3-43D3-8CBE-B086A38C5968}.Debug|Any CPU.ActiveCfg = Debug|Any CPU
		{522CD360-ABB3-43D3-8CBE-B086A38C5968}.Debug|Any CPU.Build.0 = Debug|Any CPU
		{522CD360-ABB3-43D3-8CBE-B086A38C5968}.Release|Any CPU.ActiveCfg = Release|Any CPU
		{522CD360-ABB3-43D3-8CBE-B086A38C5968}.Release|Any CPU.Build.0 = Release|Any CPU
		{353C4AB0-A226-4475-8708-72922A55F2AB}.Debug|Any CPU.ActiveCfg = Debug|Any CPU
		{353C4AB0-A226-4475-8708-72922A55F2AB}.Debug|Any CPU.Build.0 = Debug|Any CPU
		{353C4AB0-A226-4475-8708-72922A55F2AB}.Release|Any CPU.ActiveCfg = Release|Any CPU
		{353C4AB0-A226-4475-8708-72922A55F2AB}.Release|Any CPU.Build.0 = Release|Any CPU
		{D91C6187-64D6-4F72-A58E-9DEF883B85D6}.Debug|Any CPU.ActiveCfg = Debug|Any CPU
		{D91C6187-64D6-4F72-A58E-9DEF883B85D6}.Debug|Any CPU.Build.0 = Debug|Any CPU
		{D91C6187-64D6-4F72-A58E-9DEF883B85D6}.Release|Any CPU.ActiveCfg = Release|Any CPU
		{D91C6187-64D6-4F72-A58E-9DEF883B85D6}.Release|Any CPU.Build.0 = Release|Any CPU
		{60DC1549-4FBB-46D4-B7CF-56ADF1CBEF0C}.Debug|Any CPU.ActiveCfg = Debug|Any CPU
		{60DC1549-4FBB-46D4-B7CF-56ADF1CBEF0C}.Debug|Any CPU.Build.0 = Debug|Any CPU
		{60DC1549-4FBB-46D4-B7CF-56ADF1CBEF0C}.Release|Any CPU.ActiveCfg = Release|Any CPU
		{60DC1549-4FBB-46D4-B7CF-56ADF1CBEF0C}.Release|Any CPU.Build.0 = Release|Any CPU
		{9AC9C2F6-3BF4-4F13-B2B1-1E00ACF16B8F}.Debug|Any CPU.ActiveCfg = Debug|Any CPU
		{9AC9C2F6-3BF4-4F13-B2B1-1E00ACF16B8F}.Debug|Any CPU.Build.0 = Debug|Any CPU
		{9AC9C2F6-3BF4-4F13-B2B1-1E00ACF16B8F}.Release|Any CPU.ActiveCfg = Release|Any CPU
		{9AC9C2F6-3BF4-4F13-B2B1-1E00ACF16B8F}.Release|Any CPU.Build.0 = Release|Any CPU
		{3563BE95-1BEE-4580-89C3-8CCAB82BA11F}.Debug|Any CPU.ActiveCfg = Debug|Any CPU
		{3563BE95-1BEE-4580-89C3-8CCAB82BA11F}.Debug|Any CPU.Build.0 = Debug|Any CPU
		{3563BE95-1BEE-4580-89C3-8CCAB82BA11F}.Release|Any CPU.ActiveCfg = Release|Any CPU
		{3563BE95-1BEE-4580-89C3-8CCAB82BA11F}.Release|Any CPU.Build.0 = Release|Any CPU
		{BEDE74D0-B92C-4692-AE2F-B2AD0F885576}.Debug|Any CPU.ActiveCfg = Debug|Any CPU
		{BEDE74D0-B92C-4692-AE2F-B2AD0F885576}.Debug|Any CPU.Build.0 = Debug|Any CPU
		{BEDE74D0-B92C-4692-AE2F-B2AD0F885576}.Release|Any CPU.ActiveCfg = Release|Any CPU
		{BEDE74D0-B92C-4692-AE2F-B2AD0F885576}.Release|Any CPU.Build.0 = Release|Any CPU
		{12B26B47-7A87-4BD5-96CC-DC60B662CC07}.Debug|Any CPU.ActiveCfg = Debug|Any CPU
		{12B26B47-7A87-4BD5-96CC-DC60B662CC07}.Debug|Any CPU.Build.0 = Debug|Any CPU
		{12B26B47-7A87-4BD5-96CC-DC60B662CC07}.Release|Any CPU.ActiveCfg = Release|Any CPU
		{12B26B47-7A87-4BD5-96CC-DC60B662CC07}.Release|Any CPU.Build.0 = Release|Any CPU
		{9BB317E1-2AD3-47F0-AFF4-639A18A022C2}.Debug|Any CPU.ActiveCfg = Debug|Any CPU
		{9BB317E1-2AD3-47F0-AFF4-639A18A022C2}.Debug|Any CPU.Build.0 = Debug|Any CPU
		{9BB317E1-2AD3-47F0-AFF4-639A18A022C2}.Release|Any CPU.ActiveCfg = Release|Any CPU
		{9BB317E1-2AD3-47F0-AFF4-639A18A022C2}.Release|Any CPU.Build.0 = Release|Any CPU
		{FD6F3CF8-7349-496F-BB9F-52D744FC06C3}.Debug|Any CPU.ActiveCfg = Debug|Any CPU
		{FD6F3CF8-7349-496F-BB9F-52D744FC06C3}.Debug|Any CPU.Build.0 = Debug|Any CPU
		{FD6F3CF8-7349-496F-BB9F-52D744FC06C3}.Release|Any CPU.ActiveCfg = Release|Any CPU
		{FD6F3CF8-7349-496F-BB9F-52D744FC06C3}.Release|Any CPU.Build.0 = Release|Any CPU
		{E69B0AA2-6419-45EB-B16B-9D06E9573593}.Debug|Any CPU.ActiveCfg = Debug|Any CPU
		{E69B0AA2-6419-45EB-B16B-9D06E9573593}.Debug|Any CPU.Build.0 = Debug|Any CPU
		{E69B0AA2-6419-45EB-B16B-9D06E9573593}.Release|Any CPU.ActiveCfg = Release|Any CPU
		{E69B0AA2-6419-45EB-B16B-9D06E9573593}.Release|Any CPU.Build.0 = Release|Any CPU
	EndGlobalSection
	GlobalSection(SolutionProperties) = preSolution
		HideSolutionNode = FALSE
	EndGlobalSection
	GlobalSection(ExtensibilityGlobals) = postSolution
		SolutionGuid = {EB9E0D90-7882-48B8-ADB5-E6B5EAB0FE9F}
	EndGlobalSection
EndGlobal
